// !$*UTF8*$!
{
	archiveVersion = 1;
	classes = {
	};
	objectVersion = 46;
	objects = {

/* Begin PBXBuildFile section */
		82057F9A1B9B596300D77417 /* Author.m in Sources */ = {isa = PBXBuildFile; fileRef = 82057F991B9B596300D77417 /* Author.m */; };
		82057F9D1B9B596400D77417 /* Book.m in Sources */ = {isa = PBXBuildFile; fileRef = 82057F9C1B9B596400D77417 /* Book.m */; };
		82057FA01B9B596400D77417 /* Student.m in Sources */ = {isa = PBXBuildFile; fileRef = 82057F9F1B9B596400D77417 /* Student.m */; };
		82057FA81B9B617E00D77417 /* about_commons.rtf in Resources */ = {isa = PBXBuildFile; fileRef = 82057FA71B9B617E00D77417 /* about_commons.rtf */; };
		82057FAA1B9B621600D77417 /* about_view_models.rtf in Resources */ = {isa = PBXBuildFile; fileRef = 82057FA91B9B621600D77417 /* about_view_models.rtf */; };
		82057FAC1B9B628400D77417 /* about_controllers.rtf in Resources */ = {isa = PBXBuildFile; fileRef = 82057FAB1B9B628400D77417 /* about_controllers.rtf */; };
		82057FAE1B9B62E000D77417 /* about_models.rtf in Resources */ = {isa = PBXBuildFile; fileRef = 82057FAD1B9B62E000D77417 /* about_models.rtf */; };
		82057FB21B9B63C400D77417 /* LibraryWindowController.m in Sources */ = {isa = PBXBuildFile; fileRef = 82057FB01B9B63C400D77417 /* LibraryWindowController.m */; };
		82057FB31B9B63C400D77417 /* LibraryWindow.xib in Resources */ = {isa = PBXBuildFile; fileRef = 82057FB11B9B63C400D77417 /* LibraryWindow.xib */; };
		82057FB61B9B640600D77417 /* about_views.rtf in Resources */ = {isa = PBXBuildFile; fileRef = 82057FB51B9B640600D77417 /* about_views.rtf */; };
		82057FB91B9B669E00D77417 /* BaseWindowController.m in Sources */ = {isa = PBXBuildFile; fileRef = 82057FB81B9B669E00D77417 /* BaseWindowController.m */; };
		821CBD811B9B3ECF00E7FB95 /* AppDelegate.m in Sources */ = {isa = PBXBuildFile; fileRef = 821CBD801B9B3ECF00E7FB95 /* AppDelegate.m */; };
		821CBD831B9B3ECF00E7FB95 /* main.m in Sources */ = {isa = PBXBuildFile; fileRef = 821CBD821B9B3ECF00E7FB95 /* main.m */; };
		821CBD861B9B3ECF00E7FB95 /* core_data_test.xcdatamodeld in Sources */ = {isa = PBXBuildFile; fileRef = 821CBD841B9B3ECF00E7FB95 /* core_data_test.xcdatamodeld */; };
		821CBD881B9B3ECF00E7FB95 /* Images.xcassets in Resources */ = {isa = PBXBuildFile; fileRef = 821CBD871B9B3ECF00E7FB95 /* Images.xcassets */; };
		821CBD8B1B9B3ECF00E7FB95 /* MainMenu.xib in Resources */ = {isa = PBXBuildFile; fileRef = 821CBD891B9B3ECF00E7FB95 /* MainMenu.xib */; };
		821CBD971B9B3ECF00E7FB95 /* core_data_testTests.m in Sources */ = {isa = PBXBuildFile; fileRef = 821CBD961B9B3ECF00E7FB95 /* core_data_testTests.m */; };
/* End PBXBuildFile section */

/* Begin PBXContainerItemProxy section */
		821CBD911B9B3ECF00E7FB95 /* PBXContainerItemProxy */ = {
			isa = PBXContainerItemProxy;
			containerPortal = 821CBD721B9B3ECF00E7FB95 /* Project object */;
			proxyType = 1;
			remoteGlobalIDString = 821CBD791B9B3ECF00E7FB95;
			remoteInfo = core_data_test;
		};
/* End PBXContainerItemProxy section */

/* Begin PBXFileReference section */
		82057F981B9B596300D77417 /* Author.h */ = {isa = PBXFileReference; fileEncoding = 4; lastKnownFileType = sourcecode.c.h; path = Author.h; sourceTree = "<group>"; };
		82057F991B9B596300D77417 /* Author.m */ = {isa = PBXFileReference; fileEncoding = 4; lastKnownFileType = sourcecode.c.objc; path = Author.m; sourceTree = "<group>"; };
		82057F9B1B9B596400D77417 /* Book.h */ = {isa = PBXFileReference; fileEncoding = 4; lastKnownFileType = sourcecode.c.h; path = Book.h; sourceTree = "<group>"; };
		82057F9C1B9B596400D77417 /* Book.m */ = {isa = PBXFileReference; fileEncoding = 4; lastKnownFileType = sourcecode.c.objc; path = Book.m; sourceTree = "<group>"; };
		82057F9E1B9B596400D77417 /* Student.h */ = {isa = PBXFileReference; fileEncoding = 4; lastKnownFileType = sourcecode.c.h; path = Student.h; sourceTree = "<group>"; };
		82057F9F1B9B596400D77417 /* Student.m */ = {isa = PBXFileReference; fileEncoding = 4; lastKnownFileType = sourcecode.c.objc; path = Student.m; sourceTree = "<group>"; };
		82057FA71B9B617E00D77417 /* about_commons.rtf */ = {isa = PBXFileReference; fileEncoding = 4; lastKnownFileType = text.rtf; path = about_commons.rtf; sourceTree = "<group>"; };
		82057FA91B9B621600D77417 /* about_view_models.rtf */ = {isa = PBXFileReference; fileEncoding = 4; lastKnownFileType = text.rtf; path = about_view_models.rtf; sourceTree = "<group>"; };
		82057FAB1B9B628400D77417 /* about_controllers.rtf */ = {isa = PBXFileReference; fileEncoding = 4; lastKnownFileType = text.rtf; path = about_controllers.rtf; sourceTree = "<group>"; };
		82057FAD1B9B62E000D77417 /* about_models.rtf */ = {isa = PBXFileReference; fileEncoding = 4; lastKnownFileType = text.rtf; path = about_models.rtf; sourceTree = "<group>"; };
		82057FAF1B9B63C400D77417 /* LibraryWindowController.h */ = {isa = PBXFileReference; fileEncoding = 4; lastKnownFileType = sourcecode.c.h; path = LibraryWindowController.h; sourceTree = "<group>"; };
		82057FB01B9B63C400D77417 /* LibraryWindowController.m */ = {isa = PBXFileReference; fileEncoding = 4; lastKnownFileType = sourcecode.c.objc; path = LibraryWindowController.m; sourceTree = "<group>"; };
		82057FB11B9B63C400D77417 /* LibraryWindow.xib */ = {isa = PBXFileReference; fileEncoding = 4; lastKnownFileType = file.xib; path = LibraryWindow.xib; sourceTree = "<group>"; };
		82057FB51B9B640600D77417 /* about_views.rtf */ = {isa = PBXFileReference; fileEncoding = 4; lastKnownFileType = text.rtf; path = about_views.rtf; sourceTree = "<group>"; };
		82057FB71B9B669E00D77417 /* BaseWindowController.h */ = {isa = PBXFileReference; fileEncoding = 4; lastKnownFileType = sourcecode.c.h; path = BaseWindowController.h; sourceTree = "<group>"; };
		82057FB81B9B669E00D77417 /* BaseWindowController.m */ = {isa = PBXFileReference; fileEncoding = 4; lastKnownFileType = sourcecode.c.objc; path = BaseWindowController.m; sourceTree = "<group>"; };
		821CBD7A1B9B3ECF00E7FB95 /* core_data_test.app */ = {isa = PBXFileReference; explicitFileType = wrapper.application; includeInIndex = 0; path = core_data_test.app; sourceTree = BUILT_PRODUCTS_DIR; };
		821CBD7E1B9B3ECF00E7FB95 /* Info.plist */ = {isa = PBXFileReference; lastKnownFileType = text.plist.xml; path = Info.plist; sourceTree = "<group>"; };
		821CBD7F1B9B3ECF00E7FB95 /* AppDelegate.h */ = {isa = PBXFileReference; lastKnownFileType = sourcecode.c.h; path = AppDelegate.h; sourceTree = "<group>"; };
		821CBD801B9B3ECF00E7FB95 /* AppDelegate.m */ = {isa = PBXFileReference; lastKnownFileType = sourcecode.c.objc; path = AppDelegate.m; sourceTree = "<group>"; };
		821CBD821B9B3ECF00E7FB95 /* main.m */ = {isa = PBXFileReference; lastKnownFileType = sourcecode.c.objc; path = main.m; sourceTree = "<group>"; };
		821CBD851B9B3ECF00E7FB95 /* core_data_test.xcdatamodel */ = {isa = PBXFileReference; lastKnownFileType = wrapper.xcdatamodel; path = core_data_test.xcdatamodel; sourceTree = "<group>"; };
		821CBD871B9B3ECF00E7FB95 /* Images.xcassets */ = {isa = PBXFileReference; lastKnownFileType = folder.assetcatalog; path = Images.xcassets; sourceTree = "<group>"; };
		821CBD8A1B9B3ECF00E7FB95 /* Base */ = {isa = PBXFileReference; lastKnownFileType = file.xib; name = Base; path = Base.lproj/MainMenu.xib; sourceTree = "<group>"; };
		821CBD901B9B3ECF00E7FB95 /* core_data_testTests.xctest */ = {isa = PBXFileReference; explicitFileType = wrapper.cfbundle; includeInIndex = 0; path = core_data_testTests.xctest; sourceTree = BUILT_PRODUCTS_DIR; };
		821CBD951B9B3ECF00E7FB95 /* Info.plist */ = {isa = PBXFileReference; lastKnownFileType = text.plist.xml; path = Info.plist; sourceTree = "<group>"; };
		821CBD961B9B3ECF00E7FB95 /* core_data_testTests.m */ = {isa = PBXFileReference; lastKnownFileType = sourcecode.c.objc; path = core_data_testTests.m; sourceTree = "<group>"; };
/* End PBXFileReference section */

/* Begin PBXFrameworksBuildPhase section */
		821CBD771B9B3ECF00E7FB95 /* Frameworks */ = {
			isa = PBXFrameworksBuildPhase;
			buildActionMask = 2147483647;
			files = (
			);
			runOnlyForDeploymentPostprocessing = 0;
		};
		821CBD8D1B9B3ECF00E7FB95 /* Frameworks */ = {
			isa = PBXFrameworksBuildPhase;
			buildActionMask = 2147483647;
			files = (
			);
			runOnlyForDeploymentPostprocessing = 0;
		};
/* End PBXFrameworksBuildPhase section */

/* Begin PBXGroup section */
		82057F8E1B9B4C4100D77417 /* Models */ = {
			isa = PBXGroup;
			children = (
				821CBD841B9B3ECF00E7FB95 /* core_data_test.xcdatamodeld */,
				82057F9E1B9B596400D77417 /* Student.h */,
				82057F9F1B9B596400D77417 /* Student.m */,
				82057F9B1B9B596400D77417 /* Book.h */,
				82057F9C1B9B596400D77417 /* Book.m */,
				82057F981B9B596300D77417 /* Author.h */,
				82057F991B9B596300D77417 /* Author.m */,
				82057FAD1B9B62E000D77417 /* about_models.rtf */,
			);
			name = Models;
			sourceTree = "<group>";
		};
		82057FA41B9B5EA700D77417 /* Controllers */ = {
			isa = PBXGroup;
			children = (
				82057FAB1B9B628400D77417 /* about_controllers.rtf */,
				821CBD7F1B9B3ECF00E7FB95 /* AppDelegate.h */,
				821CBD801B9B3ECF00E7FB95 /* AppDelegate.m */,
				82057FB71B9B669E00D77417 /* BaseWindowController.h */,
				82057FB81B9B669E00D77417 /* BaseWindowController.m */,
				82057FAF1B9B63C400D77417 /* LibraryWindowController.h */,
				82057FB01B9B63C400D77417 /* LibraryWindowController.m */,
			);
			name = Controllers;
			sourceTree = "<group>";
		};
		82057FA51B9B602500D77417 /* Commons */ = {
			isa = PBXGroup;
			children = (
				82057FA71B9B617E00D77417 /* about_commons.rtf */,
			);
			name = Commons;
			sourceTree = "<group>";
		};
		82057FA61B9B604800D77417 /* ViewModels */ = {
			isa = PBXGroup;
			children = (
				82057FA91B9B621600D77417 /* about_view_models.rtf */,
			);
			name = ViewModels;
			sourceTree = "<group>";
		};
		82057FB41B9B63EE00D77417 /* Views */ = {
			isa = PBXGroup;
			children = (
				82057FB51B9B640600D77417 /* about_views.rtf */,
				82057FB11B9B63C400D77417 /* LibraryWindow.xib */,
				821CBD891B9B3ECF00E7FB95 /* MainMenu.xib */,
			);
			name = Views;
			sourceTree = "<group>";
		};
		82057FBA1B9BB65700D77417 /* Resources */ = {
			isa = PBXGroup;
			children = (
				821CBD871B9B3ECF00E7FB95 /* Images.xcassets */,
			);
			name = Resources;
			sourceTree = "<group>";
		};
		821CBD711B9B3ECF00E7FB95 = {
			isa = PBXGroup;
			children = (
				821CBD7C1B9B3ECF00E7FB95 /* core_data_test */,
				821CBD931B9B3ECF00E7FB95 /* core_data_testTests */,
				821CBD7B1B9B3ECF00E7FB95 /* Products */,
			);
			sourceTree = "<group>";
		};
		821CBD7B1B9B3ECF00E7FB95 /* Products */ = {
			isa = PBXGroup;
			children = (
				821CBD7A1B9B3ECF00E7FB95 /* core_data_test.app */,
				821CBD901B9B3ECF00E7FB95 /* core_data_testTests.xctest */,
			);
			name = Products;
			sourceTree = "<group>";
		};
		821CBD7C1B9B3ECF00E7FB95 /* core_data_test */ = {
			isa = PBXGroup;
			children = (
				82057FA51B9B602500D77417 /* Commons */,
				82057FA61B9B604800D77417 /* ViewModels */,
				82057F8E1B9B4C4100D77417 /* Models */,
				82057FB41B9B63EE00D77417 /* Views */,
				82057FA41B9B5EA700D77417 /* Controllers */,
				82057FBA1B9BB65700D77417 /* Resources */,
				821CBD7D1B9B3ECF00E7FB95 /* Supporting Files */,
			);
			path = core_data_test;
			sourceTree = "<group>";
		};
		821CBD7D1B9B3ECF00E7FB95 /* Supporting Files */ = {
			isa = PBXGroup;
			children = (
				821CBD7E1B9B3ECF00E7FB95 /* Info.plist */,
				821CBD821B9B3ECF00E7FB95 /* main.m */,
			);
			name = "Supporting Files";
			sourceTree = "<group>";
		};
		821CBD931B9B3ECF00E7FB95 /* core_data_testTests */ = {
			isa = PBXGroup;
			children = (
				821CBD961B9B3ECF00E7FB95 /* core_data_testTests.m */,
				821CBD941B9B3ECF00E7FB95 /* Supporting Files */,
			);
			path = core_data_testTests;
			sourceTree = "<group>";
		};
		821CBD941B9B3ECF00E7FB95 /* Supporting Files */ = {
			isa = PBXGroup;
			children = (
				821CBD951B9B3ECF00E7FB95 /* Info.plist */,
			);
			name = "Supporting Files";
			sourceTree = "<group>";
		};
/* End PBXGroup section */

/* Begin PBXNativeTarget section */
		821CBD791B9B3ECF00E7FB95 /* core_data_test */ = {
			isa = PBXNativeTarget;
			buildConfigurationList = 821CBD9A1B9B3ECF00E7FB95 /* Build configuration list for PBXNativeTarget "core_data_test" */;
			buildPhases = (
				821CBD761B9B3ECF00E7FB95 /* Sources */,
				821CBD771B9B3ECF00E7FB95 /* Frameworks */,
				821CBD781B9B3ECF00E7FB95 /* Resources */,
			);
			buildRules = (
			);
			dependencies = (
			);
			name = core_data_test;
			productName = core_data_test;
			productReference = 821CBD7A1B9B3ECF00E7FB95 /* core_data_test.app */;
			productType = "com.apple.product-type.application";
		};
		821CBD8F1B9B3ECF00E7FB95 /* core_data_testTests */ = {
			isa = PBXNativeTarget;
			buildConfigurationList = 821CBD9D1B9B3ECF00E7FB95 /* Build configuration list for PBXNativeTarget "core_data_testTests" */;
			buildPhases = (
				821CBD8C1B9B3ECF00E7FB95 /* Sources */,
				821CBD8D1B9B3ECF00E7FB95 /* Frameworks */,
				821CBD8E1B9B3ECF00E7FB95 /* Resources */,
			);
			buildRules = (
			);
			dependencies = (
				821CBD921B9B3ECF00E7FB95 /* PBXTargetDependency */,
			);
			name = core_data_testTests;
			productName = core_data_testTests;
			productReference = 821CBD901B9B3ECF00E7FB95 /* core_data_testTests.xctest */;
			productType = "com.apple.product-type.bundle.unit-test";
		};
/* End PBXNativeTarget section */

/* Begin PBXProject section */
		821CBD721B9B3ECF00E7FB95 /* Project object */ = {
			isa = PBXProject;
			attributes = {
				LastUpgradeCheck = 0640;
				ORGANIZATIONNAME = otita;
				TargetAttributes = {
					821CBD791B9B3ECF00E7FB95 = {
						CreatedOnToolsVersion = 6.4;
					};
					821CBD8F1B9B3ECF00E7FB95 = {
						CreatedOnToolsVersion = 6.4;
						TestTargetID = 821CBD791B9B3ECF00E7FB95;
					};
				};
			};
			buildConfigurationList = 821CBD751B9B3ECF00E7FB95 /* Build configuration list for PBXProject "core_data_test" */;
			compatibilityVersion = "Xcode 3.2";
			developmentRegion = English;
			hasScannedForEncodings = 0;
			knownRegions = (
				en,
				Base,
			);
			mainGroup = 821CBD711B9B3ECF00E7FB95;
			productRefGroup = 821CBD7B1B9B3ECF00E7FB95 /* Products */;
			projectDirPath = "";
			projectRoot = "";
			targets = (
				821CBD791B9B3ECF00E7FB95 /* core_data_test */,
				821CBD8F1B9B3ECF00E7FB95 /* core_data_testTests */,
			);
		};
/* End PBXProject section */

/* Begin PBXResourcesBuildPhase section */
		821CBD781B9B3ECF00E7FB95 /* Resources */ = {
			isa = PBXResourcesBuildPhase;
			buildActionMask = 2147483647;
			files = (
				82057FAE1B9B62E000D77417 /* about_models.rtf in Resources */,
				82057FB61B9B640600D77417 /* about_views.rtf in Resources */,
				82057FA81B9B617E00D77417 /* about_commons.rtf in Resources */,
				82057FAC1B9B628400D77417 /* about_controllers.rtf in Resources */,
				82057FB31B9B63C400D77417 /* LibraryWindow.xib in Resources */,
				821CBD881B9B3ECF00E7FB95 /* Images.xcassets in Resources */,
				821CBD8B1B9B3ECF00E7FB95 /* MainMenu.xib in Resources */,
				82057FAA1B9B621600D77417 /* about_view_models.rtf in Resources */,
			);
			runOnlyForDeploymentPostprocessing = 0;
		};
		821CBD8E1B9B3ECF00E7FB95 /* Resources */ = {
			isa = PBXResourcesBuildPhase;
			buildActionMask = 2147483647;
			files = (
			);
			runOnlyForDeploymentPostprocessing = 0;
		};
/* End PBXResourcesBuildPhase section */

/* Begin PBXSourcesBuildPhase section */
		821CBD761B9B3ECF00E7FB95 /* Sources */ = {
			isa = PBXSourcesBuildPhase;
			buildActionMask = 2147483647;
			files = (
				82057FB91B9B669E00D77417 /* BaseWindowController.m in Sources */,
				82057F9D1B9B596400D77417 /* Book.m in Sources */,
				821CBD831B9B3ECF00E7FB95 /* main.m in Sources */,
				821CBD811B9B3ECF00E7FB95 /* AppDelegate.m in Sources */,
				82057F9A1B9B596300D77417 /* Author.m in Sources */,
				821CBD861B9B3ECF00E7FB95 /* core_data_test.xcdatamodeld in Sources */,
				82057FB21B9B63C400D77417 /* LibraryWindowController.m in Sources */,
				82057FA01B9B596400D77417 /* Student.m in Sources */,
			);
			runOnlyForDeploymentPostprocessing = 0;
		};
		821CBD8C1B9B3ECF00E7FB95 /* Sources */ = {
			isa = PBXSourcesBuildPhase;
			buildActionMask = 2147483647;
			files = (
				821CBD971B9B3ECF00E7FB95 /* core_data_testTests.m in Sources */,
			);
			runOnlyForDeploymentPostprocessing = 0;
		};
/* End PBXSourcesBuildPhase section */

/* Begin PBXTargetDependency section */
		821CBD921B9B3ECF00E7FB95 /* PBXTargetDependency */ = {
			isa = PBXTargetDependency;
			target = 821CBD791B9B3ECF00E7FB95 /* core_data_test */;
			targetProxy = 821CBD911B9B3ECF00E7FB95 /* PBXContainerItemProxy */;
		};
/* End PBXTargetDependency section */

/* Begin PBXVariantGroup section */
		821CBD891B9B3ECF00E7FB95 /* MainMenu.xib */ = {
			isa = PBXVariantGroup;
			children = (
				821CBD8A1B9B3ECF00E7FB95 /* Base */,
			);
			name = MainMenu.xib;
			sourceTree = "<group>";
		};
/* End PBXVariantGroup section */

/* Begin XCBuildConfiguration section */
		821CBD981B9B3ECF00E7FB95 /* Debug */ = {
			isa = XCBuildConfiguration;
			buildSettings = {
				ALWAYS_SEARCH_USER_PATHS = NO;
				CLANG_CXX_LANGUAGE_STANDARD = "gnu++0x";
				CLANG_CXX_LIBRARY = "libc++";
				CLANG_ENABLE_MODULES = YES;
				CLANG_ENABLE_OBJC_ARC = YES;
				CLANG_WARN_BOOL_CONVERSION = YES;
				CLANG_WARN_CONSTANT_CONVERSION = YES;
				CLANG_WARN_DIRECT_OBJC_ISA_USAGE = YES_ERROR;
				CLANG_WARN_EMPTY_BODY = YES;
				CLANG_WARN_ENUM_CONVERSION = YES;
				CLANG_WARN_INT_CONVERSION = YES;
				CLANG_WARN_OBJC_ROOT_CLASS = YES_ERROR;
				CLANG_WARN_UNREACHABLE_CODE = YES;
				CLANG_WARN__DUPLICATE_METHOD_MATCH = YES;
				CODE_SIGN_IDENTITY = "-";
				COPY_PHASE_STRIP = NO;
				DEBUG_INFORMATION_FORMAT = dwarf;
				ENABLE_STRICT_OBJC_MSGSEND = YES;
				GCC_C_LANGUAGE_STANDARD = gnu99;
				GCC_DYNAMIC_NO_PIC = NO;
				GCC_NO_COMMON_BLOCKS = YES;
				GCC_OPTIMIZATION_LEVEL = 0;
				GCC_PREPROCESSOR_DEFINITIONS = (
					"DEBUG=1",
					"$(inherited)",
				);
				GCC_SYMBOLS_PRIVATE_EXTERN = NO;
				GCC_WARN_64_TO_32_BIT_CONVERSION = YES;
				GCC_WARN_ABOUT_RETURN_TYPE = YES_ERROR;
				GCC_WARN_UNDECLARED_SELECTOR = YES;
				GCC_WARN_UNINITIALIZED_AUTOS = YES_AGGRESSIVE;
				GCC_WARN_UNUSED_FUNCTION = YES;
				GCC_WARN_UNUSED_VARIABLE = YES;
				MACOSX_DEPLOYMENT_TARGET = 10.10;
				MTL_ENABLE_DEBUG_INFO = YES;
				ONLY_ACTIVE_ARCH = YES;
				SDKROOT = macosx;
			};
			name = Debug;
		};
		821CBD991B9B3ECF00E7FB95 /* Release */ = {
			isa = XCBuildConfiguration;
			buildSettings = {
				ALWAYS_SEARCH_USER_PATHS = NO;
				CLANG_CXX_LANGUAGE_STANDARD = "gnu++0x";
				CLANG_CXX_LIBRARY = "libc++";
				CLANG_ENABLE_MODULES = YES;
				CLANG_ENABLE_OBJC_ARC = YES;
				CLANG_WARN_BOOL_CONVERSION = YES;
				CLANG_WARN_CONSTANT_CONVERSION = YES;
				CLANG_WARN_DIRECT_OBJC_ISA_USAGE = YES_ERROR;
				CLANG_WARN_EMPTY_BODY = YES;
				CLANG_WARN_ENUM_CONVERSION = YES;
				CLANG_WARN_INT_CONVERSION = YES;
				CLANG_WARN_OBJC_ROOT_CLASS = YES_ERROR;
				CLANG_WARN_UNREACHABLE_CODE = YES;
				CLANG_WARN__DUPLICATE_METHOD_MATCH = YES;
				CODE_SIGN_IDENTITY = "-";
				COPY_PHASE_STRIP = NO;
				DEBUG_INFORMATION_FORMAT = "dwarf-with-dsym";
				ENABLE_NS_ASSERTIONS = NO;
				ENABLE_STRICT_OBJC_MSGSEND = YES;
				GCC_C_LANGUAGE_STANDARD = gnu99;
				GCC_NO_COMMON_BLOCKS = YES;
				GCC_WARN_64_TO_32_BIT_CONVERSION = YES;
				GCC_WARN_ABOUT_RETURN_TYPE = YES_ERROR;
				GCC_WARN_UNDECLARED_SELECTOR = YES;
				GCC_WARN_UNINITIALIZED_AUTOS = YES_AGGRESSIVE;
				GCC_WARN_UNUSED_FUNCTION = YES;
				GCC_WARN_UNUSED_VARIABLE = YES;
				MACOSX_DEPLOYMENT_TARGET = 10.10;
				MTL_ENABLE_DEBUG_INFO = NO;
				SDKROOT = macosx;
			};
			name = Release;
		};
		821CBD9B1B9B3ECF00E7FB95 /* Debug */ = {
			isa = XCBuildConfiguration;
			buildSettings = {
				ASSETCATALOG_COMPILER_APPICON_NAME = AppIcon;
				COMBINE_HIDPI_IMAGES = YES;
				INFOPLIST_FILE = core_data_test/Info.plist;
				LD_RUNPATH_SEARCH_PATHS = "$(inherited) @executable_path/../Frameworks";
				PRODUCT_NAME = "$(TARGET_NAME)";
			};
			name = Debug;
		};
		821CBD9C1B9B3ECF00E7FB95 /* Release */ = {
			isa = XCBuildConfiguration;
			buildSettings = {
				ASSETCATALOG_COMPILER_APPICON_NAME = AppIcon;
				COMBINE_HIDPI_IMAGES = YES;
				INFOPLIST_FILE = core_data_test/Info.plist;
				LD_RUNPATH_SEARCH_PATHS = "$(inherited) @executable_path/../Frameworks";
				PRODUCT_NAME = "$(TARGET_NAME)";
			};
			name = Release;
		};
		821CBD9E1B9B3ECF00E7FB95 /* Debug */ = {
			isa = XCBuildConfiguration;
			buildSettings = {
				BUNDLE_LOADER = "$(TEST_HOST)";
				COMBINE_HIDPI_IMAGES = YES;
				FRAMEWORK_SEARCH_PATHS = (
					"$(DEVELOPER_FRAMEWORKS_DIR)",
					"$(inherited)",
				);
				GCC_PREPROCESSOR_DEFINITIONS = (
					"DEBUG=1",
					"$(inherited)",
				);
				INFOPLIST_FILE = core_data_testTests/Info.plist;
				LD_RUNPATH_SEARCH_PATHS = "$(inherited) @executable_path/../Frameworks @loader_path/../Frameworks";
				PRODUCT_NAME = "$(TARGET_NAME)";
				TEST_HOST = "$(BUILT_PRODUCTS_DIR)/core_data_test.app/Contents/MacOS/core_data_test";
			};
			name = Debug;
		};
		821CBD9F1B9B3ECF00E7FB95 /* Release */ = {
			isa = XCBuildConfiguration;
			buildSettings = {
				BUNDLE_LOADER = "$(TEST_HOST)";
				COMBINE_HIDPI_IMAGES = YES;
				FRAMEWORK_SEARCH_PATHS = (
					"$(DEVELOPER_FRAMEWORKS_DIR)",
					"$(inherited)",
				);
				INFOPLIST_FILE = core_data_testTests/Info.plist;
				LD_RUNPATH_SEARCH_PATHS = "$(inherited) @executable_path/../Frameworks @loader_path/../Frameworks";
				PRODUCT_NAME = "$(TARGET_NAME)";
				TEST_HOST = "$(BUILT_PRODUCTS_DIR)/core_data_test.app/Contents/MacOS/core_data_test";
			};
			name = Release;
		};
/* End XCBuildConfiguration section */

/* Begin XCConfigurationList section */
		821CBD751B9B3ECF00E7FB95 /* Build configuration list for PBXProject "core_data_test" */ = {
			isa = XCConfigurationList;
			buildConfigurations = (
				821CBD981B9B3ECF00E7FB95 /* Debug */,
				821CBD991B9B3ECF00E7FB95 /* Release */,
			);
			defaultConfigurationIsVisible = 0;
			defaultConfigurationName = Release;
		};
		821CBD9A1B9B3ECF00E7FB95 /* Build configuration list for PBXNativeTarget "core_data_test" */ = {
			isa = XCConfigurationList;
			buildConfigurations = (
				821CBD9B1B9B3ECF00E7FB95 /* Debug */,
				821CBD9C1B9B3ECF00E7FB95 /* Release */,
			);
			defaultConfigurationIsVisible = 0;
			defaultConfigurationName = Release;
		};
		821CBD9D1B9B3ECF00E7FB95 /* Build configuration list for PBXNativeTarget "core_data_testTests" */ = {
			isa = XCConfigurationList;
			buildConfigurations = (
				821CBD9E1B9B3ECF00E7FB95 /* Debug */,
				821CBD9F1B9B3ECF00E7FB95 /* Release */,
			);
			defaultConfigurationIsVisible = 0;
			defaultConfigurationName = Release;
		};
/* End XCConfigurationList section */

/* Begin XCVersionGroup section */
		821CBD841B9B3ECF00E7FB95 /* core_data_test.xcdatamodeld */ = {
			isa = XCVersionGroup;
			children = (
				821CBD851B9B3ECF00E7FB95 /* core_data_test.xcdatamodel */,
			);
			currentVersion = 821CBD851B9B3ECF00E7FB95 /* core_data_test.xcdatamodel */;
			path = core_data_test.xcdatamodeld;
			sourceTree = "<group>";
			versionGroupType = wrapper.xcdatamodel;
		};
/* End XCVersionGroup section */
	};
	rootObject = 821CBD721B9B3ECF00E7FB95 /* Project object */;
}
